
Microsoft Visual Studio Solution File, Format Version 12.00
# Visual Studio Version 17
VisualStudioVersion = 17.5.33516.290
MinimumVisualStudioVersion = 10.0.40219.1
Project("{9A19103F-16F7-4668-BE54-9A1E7A4F7556}") = "ResumeShop", "ResumeShop\ResumeShop.csproj", "{B9172A29-B100-4224-BE6B-D7E336052313}"
EndProject
Global
	GlobalSection(SolutionConfigurationPlatforms) = preSolution
		Debug|Any CPU = Debug|Any CPU
		Release|Any CPU = Release|Any CPU
	EndGlobalSection
	GlobalSection(ProjectConfigurationPlatforms) = postSolution
		{B9172A29-B100-4224-BE6B-D7E336052313}.Debug|Any CPU.ActiveCfg = Debug|Any CPU
		{B9172A29-B100-4224-BE6B-D7E336052313}.Debug|Any CPU.Build.0 = Debug|Any CPU
		{B9172A29-B100-4224-BE6B-D7E336052313}.Release|Any CPU.ActiveCfg = Release|Any CPU
		{B9172A29-B100-4224-BE6B-D7E336052313}.Release|Any CPU.Build.0 = Release|Any CPU
	EndGlobalSection
	GlobalSection(SolutionProperties) = preSolution
		HideSolutionNode = FALSE
	EndGlobalSection
	GlobalSection(ExtensibilityGlobals) = postSolution
		SolutionGuid = {253EA20F-3D09-405D-9165-25DB4A8E0CC0}
	EndGlobalSection
EndGlobal
